// !$*UTF8*$!
{
	archiveVersion = 1;
	classes = {
	};
	objectVersion = 56;
	objects = {

/* Begin PBXBuildFile section */
		B001 /* MyTinyPetApp.swift in Sources */ = {isa = PBXBuildFile; fileRef = F001 /* MyTinyPetApp.swift */; };
		B002 /* ContentView.swift in Sources */ = {isa = PBXBuildFile; fileRef = F002 /* ContentView.swift */; };
		B003 /* Assets.xcassets in Resources */ = {isa = PBXBuildFile; fileRef = F003 /* Assets.xcassets */; };
		B004 /* PetModel.swift in Sources */ = {isa = PBXBuildFile; fileRef = F004 /* PetModel.swift */; };
		B005 /* GameState.swift in Sources */ = {isa = PBXBuildFile; fileRef = F005 /* GameState.swift */; };
		B006 /* GameViewModel.swift in Sources */ = {isa = PBXBuildFile; fileRef = F006 /* GameViewModel.swift */; };
		B007 /* OnboardingView.swift in Sources */ = {isa = PBXBuildFile; fileRef = F007 /* OnboardingView.swift */; };
		B008 /* MainGameView.swift in Sources */ = {isa = PBXBuildFile; fileRef = F008 /* MainGameView.swift */; };
		B009 /* PetAvatarView.swift in Sources */ = {isa = PBXBuildFile; fileRef = F009 /* PetAvatarView.swift */; };
		B010 /* SettingsView.swift in Sources */ = {isa = PBXBuildFile; fileRef = F010 /* SettingsView.swift */; };
		B011 /* StatsView.swift in Sources */ = {isa = PBXBuildFile; fileRef = F011 /* StatsView.swift */; };
		B012 /* WalkView.swift in Sources */ = {isa = PBXBuildFile; fileRef = F012 /* WalkView.swift */; };
		B013 /* MiniGameView.swift in Sources */ = {isa = PBXBuildFile; fileRef = F013 /* MiniGameView.swift */; };
		B014 /* NotificationManager.swift in Sources */ = {isa = PBXBuildFile; fileRef = F014 /* NotificationManager.swift */; };
		B015 /* SoundManager.swift in Sources */ = {isa = PBXBuildFile; fileRef = F015 /* SoundManager.swift */; };
/* End PBXBuildFile section */

/* Begin PBXFileReference section */
		P001 /* MyTinyPet.app */ = {isa = PBXFileReference; explicitFileType = wrapper.application; includeInIndex = 0; path = MyTinyPet.app; sourceTree = BUILT_PRODUCTS_DIR; };
		F001 /* MyTinyPetApp.swift */ = {isa = PBXFileReference; lastKnownFileType = sourcecode.swift; path = MyTinyPetApp.swift; sourceTree = "<group>"; };
		F002 /* ContentView.swift */ = {isa = PBXFileReference; lastKnownFileType = sourcecode.swift; path = ContentView.swift; sourceTree = "<group>"; };
		F003 /* Assets.xcassets */ = {isa = PBXFileReference; lastKnownFileType = folder.assetcatalog; path = Assets.xcassets; sourceTree = "<group>"; };
		F004 /* PetModel.swift */ = {isa = PBXFileReference; lastKnownFileType = sourcecode.swift; path = PetModel.swift; sourceTree = "<group>"; };
		F005 /* GameState.swift */ = {isa = PBXFileReference; lastKnownFileType = sourcecode.swift; path = GameState.swift; sourceTree = "<group>"; };
		F006 /* GameViewModel.swift */ = {isa = PBXFileReference; lastKnownFileType = sourcecode.swift; path = GameViewModel.swift; sourceTree = "<group>"; };
		F007 /* OnboardingView.swift */ = {isa = PBXFileReference; lastKnownFileType = sourcecode.swift; path = OnboardingView.swift; sourceTree = "<group>"; };
		F008 /* MainGameView.swift */ = {isa = PBXFileReference; lastKnownFileType = sourcecode.swift; path = MainGameView.swift; sourceTree = "<group>"; };
		F009 /* PetAvatarView.swift */ = {isa = PBXFileReference; lastKnownFileType = sourcecode.swift; path = PetAvatarView.swift; sourceTree = "<group>"; };
		F010 /* SettingsView.swift */ = {isa = PBXFileReference; lastKnownFileType = sourcecode.swift; path = SettingsView.swift; sourceTree = "<group>"; };
		F011 /* StatsView.swift */ = {isa = PBXFileReference; lastKnownFileType = sourcecode.swift; path = StatsView.swift; sourceTree = "<group>"; };
		F012 /* WalkView.swift */ = {isa = PBXFileReference; lastKnownFileType = sourcecode.swift; path = WalkView.swift; sourceTree = "<group>"; };
		F013 /* MiniGameView.swift */ = {isa = PBXFileReference; lastKnownFileType = sourcecode.swift; path = MiniGameView.swift; sourceTree = "<group>"; };
		F014 /* NotificationManager.swift */ = {isa = PBXFileReference; lastKnownFileType = sourcecode.swift; path = NotificationManager.swift; sourceTree = "<group>"; };
		F015 /* SoundManager.swift */ = {isa = PBXFileReference; lastKnownFileType = sourcecode.swift; path = SoundManager.swift; sourceTree = "<group>"; };
		F016 /* Info.plist */ = {isa = PBXFileReference; lastKnownFileType = text.plist.xml; path = Info.plist; sourceTree = "<group>"; };
/* End PBXFileReference section */

/* Begin PBXFrameworksBuildPhase section */
		FWBP /* Frameworks */ = {
			isa = PBXFrameworksBuildPhase;
			buildActionMask = 2147483647;
			files = (
			);
			runOnlyForDeploymentPostprocessing = 0;
		};
/* End PBXFrameworksBuildPhase section */

/* Begin PBXGroup section */
		G000 = {
			isa = PBXGroup;
			children = (
				G001 /* MyTinyPet */,
				G002 /* Products */,
			);
			sourceTree = "<group>";
		};
		G002 /* Products */ = {
			isa = PBXGroup;
			children = (
				P001 /* MyTinyPet.app */,
			);
			name = Products;
			sourceTree = "<group>";
		};
		G001 /* MyTinyPet */ = {
			isa = PBXGroup;
			children = (
				F001 /* MyTinyPetApp.swift */,
				G003 /* Models */,
				G004 /* ViewModels */,
				G005 /* Views */,
				G007 /* Utilities */,
				F003 /* Assets.xcassets */,
				F016 /* Info.plist */,
			);
			path = MyTinyPet;
			sourceTree = "<group>";
		};
		G003 /* Models */ = {
			isa = PBXGroup;
			children = (
				F004 /* PetModel.swift */,
				F005 /* GameState.swift */,
			);
			path = Models;
			sourceTree = "<group>";
		};
		G004 /* ViewModels */ = {
			isa = PBXGroup;
			children = (
				F006 /* GameViewModel.swift */,
			);
			path = ViewModels;
			sourceTree = "<group>";
		};
		G005 /* Views */ = {
			isa = PBXGroup;
			children = (
				F002 /* ContentView.swift */,
				F007 /* OnboardingView.swift */,
				F008 /* MainGameView.swift */,
				F010 /* SettingsView.swift */,
				F011 /* StatsView.swift */,
				F012 /* WalkView.swift */,
				F013 /* MiniGameView.swift */,
				G006 /* Components */,
			);
			path = Views;
			sourceTree = "<group>";
		};
		G006 /* Components */ = {
			isa = PBXGroup;
			children = (
				F009 /* PetAvatarView.swift */,
			);
			path = Components;
			sourceTree = "<group>";
		};
		G007 /* Utilities */ = {
			isa = PBXGroup;
			children = (
				F014 /* NotificationManager.swift */,
				F015 /* SoundManager.swift */,
			);
			path = Utilities;
			sourceTree = "<group>";
		};
/* End PBXGroup section */

/* Begin PBXNativeTarget section */
		NT01 /* MyTinyPet */ = {
			isa = PBXNativeTarget;
			buildConfigurationList = BCL1 /* Build configuration list for PBXNativeTarget "MyTinyPet" */;
			buildPhases = (
				SBP1 /* Sources */,
				FWBP /* Frameworks */,
				RBP1 /* Resources */,
			);
			buildRules = (
			);
			dependencies = (
			);
			name = MyTinyPet;
			productName = MyTinyPet;
			productReference = P001 /* MyTinyPet.app */;
			productType = "com.apple.product-type.application";
		};
/* End PBXNativeTarget section */

/* Begin PBXProject section */
		PRJ1 /* Project object */ = {
			isa = PBXProject;
			attributes = {
				BuildIndependentTargetsInParallel = 1;
				LastSwiftUpdateCheck = 1500;
				LastUpgradeCheck = 1500;
				TargetAttributes = {
					NT01 = {
						CreatedOnToolsVersion = 15.0;
					};
				};
			};
			buildConfigurationList = BCL0 /* Build configuration list for PBXProject "MyTinyPet" */;
			compatibilityVersion = "Xcode 14.0";
			developmentRegion = fr;
			hasScannedForEncodings = 0;
			knownRegions = (
				fr,
				Base,
			);
			mainGroup = G000;
			productRefGroup = G002 /* Products */;
			projectDirPath = "";
			projectRoot = "";
			targets = (
				NT01 /* MyTinyPet */,
			);
		};
/* End PBXProject section */

/* Begin PBXResourcesBuildPhase section */
		RBP1 /* Resources */ = {
			isa = PBXResourcesBuildPhase;
			buildActionMask = 2147483647;
			files = (
				B003 /* Assets.xcassets in Resources */,
			);
			runOnlyForDeploymentPostprocessing = 0;
		};
/* End PBXResourcesBuildPhase section */

/* Begin PBXSourcesBuildPhase section */
		SBP1 /* Sources */ = {
			isa = PBXSourcesBuildPhase;
			buildActionMask = 2147483647;
			files = (
				B001 /* MyTinyPetApp.swift in Sources */,
				B002 /* ContentView.swift in Sources */,
				B004 /* PetModel.swift in Sources */,
				B005 /* GameState.swift in Sources */,
				B006 /* GameViewModel.swift in Sources */,
				B007 /* OnboardingView.swift in Sources */,
				B008 /* MainGameView.swift in Sources */,
				B009 /* PetAvatarView.swift in Sources */,
				B010 /* SettingsView.swift in Sources */,
				B011 /* StatsView.swift in Sources */,
				B012 /* WalkView.swift in Sources */,
				B013 /* MiniGameView.swift in Sources */,
				B014 /* NotificationManager.swift in Sources */,
				B015 /* SoundManager.swift in Sources */,
			);
			runOnlyForDeploymentPostprocessing = 0;
		};
/* End PBXSourcesBuildPhase section */

/* Begin XCBuildConfiguration section */
		BC01 /* Debug */ = {
			isa = XCBuildConfiguration;
			buildSettings = {
				ALWAYS_SEARCH_USER_PATHS = NO;
				ASSETCATALOG_COMPILER_GENERATE_SWIFT_ASSET_SYMBOL_EXTENSIONS = YES;
				CLANG_ANALYZER_NONNULL = YES;
				CLANG_ANALYZER_NUMBER_OBJECT_CONVERSION = YES_AGGRESSIVE;
				CLANG_CXX_LANGUAGE_STANDARD = "gnu++20";
				CLANG_ENABLE_MODULES = YES;
				CLANG_ENABLE_OBJC_ARC = YES;
				CLANG_ENABLE_OBJC_WEAK = YES;
				CLANG_WARN_BLOCK_CAPTURE_AUTORELEASING = YES;
				CLANG_WARN_BOOL_CONVERSION = YES;
				CLANG_WARN_COMMA = YES;
				CLANG_WARN_CONSTANT_CONVERSION = YES;
				CLANG_WARN_DEPRECATED_OBJC_IMPLEMENTATIONS = YES;
				CLANG_WARN_DIRECT_OBJC_ISA_USAGE = YES_ERROR;
				CLANG_WARN_DOCUMENTATION_COMMENTS = YES;
				CLANG_WARN_EMPTY_BODY = YES;
				CLANG_WARN_ENUM_CONVERSION = YES;
				CLANG_WARN_INFINITE_RECURSION = YES;
				CLANG_WARN_INT_CONVERSION = YES;
				CLANG_WARN_NON_LITERAL_NULL_CONVERSION = YES;
				CLANG_WARN_OBJC_IMPLICIT_RETAIN_SELF = YES;
				CLANG_WARN_OBJC_LITERAL_CONVERSION = YES;
				CLANG_WARN_OBJC_ROOT_CLASS = YES_ERROR;
				CLANG_WARN_QUOTED_INCLUDE_IN_FRAMEWORK_HEADER = YES;
				CLANG_WARN_RANGE_LOOP_ANALYSIS = YES;
				CLANG_WARN_STRICT_PROTOTYPES = YES;
				CLANG_WARN_SUSPICIOUS_MOVE = YES;
				CLANG_WARN_UNGUARDED_AVAILABILITY = YES_AGGRESSIVE;
				CLANG_WARN_UNREACHABLE_CODE = YES;
				CLANG_WARN__DUPLICATE_METHOD_MATCH = YES;
				COPY_PHASE_STRIP = NO;
				DEBUG_INFORMATION_FORMAT = dwarf;
				ENABLE_STRICT_OBJC_MSGSEND = YES;
				ENABLE_TESTABILITY = YES;
				ENABLE_USER_SCRIPT_SANDBOXING = YES;
				GCC_C_LANGUAGE_STANDARD = gnu17;
				GCC_DYNAMIC_NO_PIC = NO;
				GCC_NO_COMMON_BLOCKS = YES;
				GCC_OPTIMIZATION_LEVEL = 0;
				GCC_PREPROCESSOR_DEFINITIONS = (
					"DEBUG=1",
					"$(inherited)",
				);
				GCC_WARN_64_TO_32_BIT_CONVERSION = YES;
				GCC_WARN_ABOUT_RETURN_TYPE = YES_ERROR;
				GCC_WARN_UNDECLARED_SELECTOR = YES;
				GCC_WARN_UNINITIALIZED_AUTOS = YES_AGGRESSIVE;
				GCC_WARN_UNUSED_FUNCTION = YES;
				GCC_WARN_UNUSED_VARIABLE = YES;
				IPHONEOS_DEPLOYMENT_TARGET = 17.0;
				LOCALIZATION_PREFERS_STRING_CATALOGS = YES;
				MTL_ENABLE_DEBUG_INFO = INCLUDE_SOURCE;
				MTL_FAST_MATH = YES;
				ONLY_ACTIVE_ARCH = YES;
				SDKROOT = iphoneos;
				SWIFT_ACTIVE_COMPILATION_CONDITIONS = "DEBUG $(inherited)";
				SWIFT_OPTIMIZATION_LEVEL = "-Onone";
			};
			name = Debug;
		};
		BC02 /* Release */ = {
			isa = XCBuildConfiguration;
			buildSettings = {
				ALWAYS_SEARCH_USER_PATHS = NO;
				ASSETCATALOG_COMPILER_GENERATE_SWIFT_ASSET_SYMBOL_EXTENSIONS = YES;
				CLANG_ANALYZER_NONNULL = YES;
				CLANG_ANALYZER_NUMBER_OBJECT_CONVERSION = YES_AGGRESSIVE;
				CLANG_CXX_LANGUAGE_STANDARD = "gnu++20";
				CLANG_ENABLE_MODULES = YES;
				CLANG_ENABLE_OBJC_ARC = YES;
				CLANG_ENABLE_OBJC_WEAK = YES;
				CLANG_WARN_BLOCK_CAPTURE_AUTORELEASING = YES;
				CLANG_WARN_BOOL_CONVERSION = YES;
				CLANG_WARN_COMMA = YES;
				CLANG_WARN_CONSTANT_CONVERSION = YES;
				CLANG_WARN_DEPRECATED_OBJC_IMPLEMENTATIONS = YES;
				CLANG_WARN_DIRECT_OBJC_ISA_USAGE = YES_ERROR;
				CLANG_WARN_DOCUMENTATION_COMMENTS = YES;
				CLANG_WARN_EMPTY_BODY = YES;
				CLANG_WARN_ENUM_CONVERSION = YES;
				CLANG_WARN_INFINITE_RECURSION = YES;
				CLANG_WARN_INT_CONVERSION = YES;
				CLANG_WARN_NON_LITERAL_NULL_CONVERSION = YES;
				CLANG_WARN_OBJC_IMPLICIT_RETAIN_SELF = YES;
				CLANG_WARN_OBJC_LITERAL_CONVERSION = YES;
				CLANG_WARN_OBJC_ROOT_CLASS = YES_ERROR;
				CLANG_WARN_QUOTED_INCLUDE_IN_FRAMEWORK_HEADER = YES;
				CLANG_WARN_RANGE_LOOP_ANALYSIS = YES;
				CLANG_WARN_STRICT_PROTOTYPES = YES;
				CLANG_WARN_SUSPICIOUS_MOVE = YES;
				CLANG_WARN_UNGUARDED_AVAILABILITY = YES_AGGRESSIVE;
				CLANG_WARN_UNREACHABLE_CODE = YES;
				CLANG_WARN__DUPLICATE_METHOD_MATCH = YES;
				COPY_PHASE_STRIP = NO;
				DEBUG_INFORMATION_FORMAT = "dwarf-with-dsym";
				ENABLE_NS_ASSERTIONS = NO;
				ENABLE_STRICT_OBJC_MSGSEND = YES;
				ENABLE_USER_SCRIPT_SANDBOXING = YES;
				GCC_C_LANGUAGE_STANDARD = gnu17;
				GCC_NO_COMMON_BLOCKS = YES;
				GCC_WARN_64_TO_32_BIT_CONVERSION = YES;
				GCC_WARN_ABOUT_RETURN_TYPE = YES_ERROR;
				GCC_WARN_UNDECLARED_SELECTOR = YES;
				GCC_WARN_UNINITIALIZED_AUTOS = YES_AGGRESSIVE;
				GCC_WARN_UNUSED_FUNCTION = YES;
				GCC_WARN_UNUSED_VARIABLE = YES;
				IPHONEOS_DEPLOYMENT_TARGET = 17.0;
				LOCALIZATION_PREFERS_STRING_CATALOGS = YES;
				MTL_ENABLE_DEBUG_INFO = NO;
				MTL_FAST_MATH = YES;
				SDKROOT = iphoneos;
				SWIFT_COMPILATION_MODE = wholemodule;
				VALIDATE_PRODUCT = YES;
			};
			name = Release;
		};
		BC03 /* Debug */ = {
			isa = XCBuildConfiguration;
			buildSettings = {
				ASSETCATALOG_COMPILER_APPICON_NAME = AppIcon;
				ASSETCATALOG_COMPILER_GLOBAL_ACCENT_COLOR_NAME = AccentColor;
				CODE_SIGN_STYLE = Automatic;
				CURRENT_PROJECT_VERSION = 1;
				DEVELOPMENT_TEAM = "";
				ENABLE_PREVIEWS = YES;
				GENERATE_INFOPLIST_FILE = NO;
				INFOPLIST_FILE = MyTinyPet/Info.plist;
				INFOPLIST_KEY_CFBundleDisplayName = MyTinyPet;
				INFOPLIST_KEY_UIApplicationSceneManifest_Generation = YES;
				INFOPLIST_KEY_UIApplicationSupportsIndirectInputEvents = YES;
				INFOPLIST_KEY_UILaunchScreen_Generation = YES;
				INFOPLIST_KEY_UISupportedInterfaceOrientations = UIInterfaceOrientationPortrait;
				LD_RUNPATH_SEARCH_PATHS = (
					"$(inherited)",
					"@executable_path/Frameworks",
				);
				MARKETING_VERSION = 2.0;
				PRODUCT_BUNDLE_IDENTIFIER = com.mytinypet.app;
				PRODUCT_NAME = "$(TARGET_NAME)";
				SWIFT_EMIT_LOC_STRINGS = YES;
				SWIFT_VERSION = 5.0;
				TARGETED_DEVICE_FAMILY = "1,2";
			};
			name = Debug;
		};
		BC04 /* Release */ = {
			isa = XCBuildConfiguration;
			buildSettings = {
				ASSETCATALOG_COMPILER_APPICON_NAME = AppIcon;
				ASSETCATALOG_COMPILER_GLOBAL_ACCENT_COLOR_NAME = AccentColor;
				CODE_SIGN_STYLE = Automatic;
				CURRENT_PROJECT_VERSION = 1;
				DEVELOPMENT_TEAM = "";
				ENABLE_PREVIEWS = YES;
				GENERATE_INFOPLIST_FILE = NO;
				INFOPLIST_FILE = MyTinyPet/Info.plist;
				INFOPLIST_KEY_CFBundleDisplayName = MyTinyPet;
				INFOPLIST_KEY_UIApplicationSceneManifest_Generation = YES;
				INFOPLIST_KEY_UIApplicationSupportsIndirectInputEvents = YES;
				INFOPLIST_KEY_UILaunchScreen_Generation = YES;
				INFOPLIST_KEY_UISupportedInterfaceOrientations = UIInterfaceOrientationPortrait;
				LD_RUNPATH_SEARCH_PATHS = (
					"$(inherited)",
					"@executable_path/Frameworks",
				);
				MARKETING_VERSION = 2.0;
				PRODUCT_BUNDLE_IDENTIFIER = com.mytinypet.app;
				PRODUCT_NAME = "$(TARGET_NAME)";
				SWIFT_EMIT_LOC_STRINGS = YES;
				SWIFT_VERSION = 5.0;
				TARGETED_DEVICE_FAMILY = "1,2";
			};
			name = Release;
		};
/* End XCBuildConfiguration section */

/* Begin XCConfigurationList section */
		BCL0 /* Build configuration list for PBXProject "MyTinyPet" */ = {
			isa = XCConfigurationList;
			buildConfigurations = (
				BC01 /* Debug */,
				BC02 /* Release */,
			);
			defaultConfigurationIsVisible = 0;
			defaultConfigurationName = Release;
		};
		BCL1 /* Build configuration list for PBXNativeTarget "MyTinyPet" */ = {
			isa = XCConfigurationList;
			buildConfigurations = (
				BC03 /* Debug */,
				BC04 /* Release */,
			);
			defaultConfigurationIsVisible = 0;
			defaultConfigurationName = Release;
		};
/* End XCConfigurationList section */
	};
	rootObject = PRJ1 /* Project object */;
}
